
Microsoft Visual Studio Solution File, Format Version 12.00
# Visual Studio Version 17
VisualStudioVersion = 17.9.34723.18
MinimumVisualStudioVersion = 10.0.40219.1
Project("{9A19103F-16F7-4668-BE54-9A1E7A4F7556}") = "WPF Example", "WPF Example\WPF Example.csproj", "{24D93EEB-06E6-46DF-8D0B-A734190DB2E8}"
EndProject
Project("{FAE04EC0-301F-11D3-BF4B-00C04F79EFBC}") = "BackLogic", "BackLogic\BackLogic.csproj", "{FF74B498-7E59-40E0-AACA-DEAAEFCD4B76}"
EndProject
Project("{FAE04EC0-301F-11D3-BF4B-00C04F79EFBC}") = "ParallelProgramming", "ParallelProgramming\ParallelProgramming.csproj", "{4BC68580-7E82-4B4B-BF0E-65C616DB9410}"
EndProject
Global
	GlobalSection(SolutionConfigurationPlatforms) = preSolution
		Debug|Any CPU = Debug|Any CPU
		Release|Any CPU = Release|Any CPU
	EndGlobalSection
	GlobalSection(ProjectConfigurationPlatforms) = postSolution
		{24D93EEB-06E6-46DF-8D0B-A734190DB2E8}.Debug|Any CPU.ActiveCfg = Debug|Any CPU
		{24D93EEB-06E6-46DF-8D0B-A734190DB2E8}.Debug|Any CPU.Build.0 = Debug|Any CPU
		{24D93EEB-06E6-46DF-8D0B-A734190DB2E8}.Release|Any CPU.ActiveCfg = Release|Any CPU
		{24D93EEB-06E6-46DF-8D0B-A734190DB2E8}.Release|Any CPU.Build.0 = Release|Any CPU
		{FF74B498-7E59-40E0-AACA-DEAAEFCD4B76}.Debug|Any CPU.ActiveCfg = Debug|Any CPU
		{FF74B498-7E59-40E0-AACA-DEAAEFCD4B76}.Debug|Any CPU.Build.0 = Debug|Any CPU
		{FF74B498-7E59-40E0-AACA-DEAAEFCD4B76}.Release|Any CPU.ActiveCfg = Release|Any CPU
		{FF74B498-7E59-40E0-AACA-DEAAEFCD4B76}.Release|Any CPU.Build.0 = Release|Any CPU
		{4BC68580-7E82-4B4B-BF0E-65C616DB9410}.Debug|Any CPU.ActiveCfg = Debug|Any CPU
		{4BC68580-7E82-4B4B-BF0E-65C616DB9410}.Debug|Any CPU.Build.0 = Debug|Any CPU
		{4BC68580-7E82-4B4B-BF0E-65C616DB9410}.Release|Any CPU.ActiveCfg = Release|Any CPU
		{4BC68580-7E82-4B4B-BF0E-65C616DB9410}.Release|Any CPU.Build.0 = Release|Any CPU
	EndGlobalSection
	GlobalSection(SolutionProperties) = preSolution
		HideSolutionNode = FALSE
	EndGlobalSection
	GlobalSection(ExtensibilityGlobals) = postSolution
		SolutionGuid = {03F15B4A-14EE-44C9-8412-DFD991829E66}
	EndGlobalSection
EndGlobal
