
Microsoft Visual Studio Solution File, Format Version 12.00
# Visual Studio Version 17
VisualStudioVersion = 17.9.34723.18
MinimumVisualStudioVersion = 10.0.40219.1
Project("{FAE04EC0-301F-11D3-BF4B-00C04F79EFBC}") = "Lesson4CriticalSectionInterlockedMonitorLock", "Lesson4CriticalSectionInterlockedMonitorLock\Lesson4CriticalSectionInterlockedMonitorLock.csproj", "{28B871C0-2C11-446C-BD62-F6E53C9530E2}"
EndProject
Global
	GlobalSection(SolutionConfigurationPlatforms) = preSolution
		Debug|Any CPU = Debug|Any CPU
		Release|Any CPU = Release|Any CPU
	EndGlobalSection
	GlobalSection(ProjectConfigurationPlatforms) = postSolution
		{28B871C0-2C11-446C-BD62-F6E53C9530E2}.Debug|Any CPU.ActiveCfg = Debug|Any CPU
		{28B871C0-2C11-446C-BD62-F6E53C9530E2}.Debug|Any CPU.Build.0 = Debug|Any CPU
		{28B871C0-2C11-446C-BD62-F6E53C9530E2}.Release|Any CPU.ActiveCfg = Release|Any CPU
		{28B871C0-2C11-446C-BD62-F6E53C9530E2}.Release|Any CPU.Build.0 = Release|Any CPU
	EndGlobalSection
	GlobalSection(SolutionProperties) = preSolution
		HideSolutionNode = FALSE
	EndGlobalSection
	GlobalSection(ExtensibilityGlobals) = postSolution
		SolutionGuid = {08385654-8283-461A-93F9-B6673B7E7DDA}
	EndGlobalSection
EndGlobal
