
Microsoft Visual Studio Solution File, Format Version 12.00
# Visual Studio Version 17
VisualStudioVersion = 17.9.34723.18
MinimumVisualStudioVersion = 10.0.40219.1
Project("{FAE04EC0-301F-11D3-BF4B-00C04F79EFBC}") = "Lesson1AppDomain", "Lesson1AppDomain\Lesson1AppDomain.csproj", "{BEE0C3BE-0E87-4130-9ACE-F2D0F45BFFBE}"
EndProject
Global
	GlobalSection(SolutionConfigurationPlatforms) = preSolution
		Debug|Any CPU = Debug|Any CPU
		Release|Any CPU = Release|Any CPU
	EndGlobalSection
	GlobalSection(ProjectConfigurationPlatforms) = postSolution
		{BEE0C3BE-0E87-4130-9ACE-F2D0F45BFFBE}.Debug|Any CPU.ActiveCfg = Debug|Any CPU
		{BEE0C3BE-0E87-4130-9ACE-F2D0F45BFFBE}.Debug|Any CPU.Build.0 = Debug|Any CPU
		{BEE0C3BE-0E87-4130-9ACE-F2D0F45BFFBE}.Release|Any CPU.ActiveCfg = Release|Any CPU
		{BEE0C3BE-0E87-4130-9ACE-F2D0F45BFFBE}.Release|Any CPU.Build.0 = Release|Any CPU
	EndGlobalSection
	GlobalSection(SolutionProperties) = preSolution
		HideSolutionNode = FALSE
	EndGlobalSection
	GlobalSection(ExtensibilityGlobals) = postSolution
		SolutionGuid = {271472B4-146F-4970-AA93-F7CDA0FE8E09}
	EndGlobalSection
EndGlobal
