
Microsoft Visual Studio Solution File, Format Version 12.00
# Visual Studio Version 17
VisualStudioVersion = 17.9.34723.18
MinimumVisualStudioVersion = 10.0.40219.1
Project("{FAE04EC0-301F-11D3-BF4B-00C04F79EFBC}") = "Lesson5Coding", "Lesson5Coding\Lesson5Coding.csproj", "{4C576C01-90DF-4E70-BD11-F5937062356A}"
EndProject
Global
	GlobalSection(SolutionConfigurationPlatforms) = preSolution
		Debug|Any CPU = Debug|Any CPU
		Release|Any CPU = Release|Any CPU
	EndGlobalSection
	GlobalSection(ProjectConfigurationPlatforms) = postSolution
		{4C576C01-90DF-4E70-BD11-F5937062356A}.Debug|Any CPU.ActiveCfg = Debug|Any CPU
		{4C576C01-90DF-4E70-BD11-F5937062356A}.Debug|Any CPU.Build.0 = Debug|Any CPU
		{4C576C01-90DF-4E70-BD11-F5937062356A}.Release|Any CPU.ActiveCfg = Release|Any CPU
		{4C576C01-90DF-4E70-BD11-F5937062356A}.Release|Any CPU.Build.0 = Release|Any CPU
	EndGlobalSection
	GlobalSection(SolutionProperties) = preSolution
		HideSolutionNode = FALSE
	EndGlobalSection
	GlobalSection(ExtensibilityGlobals) = postSolution
		SolutionGuid = {ADF9A781-3B3F-46EE-A1D5-1823245BD6A6}
	EndGlobalSection
EndGlobal
