
Microsoft Visual Studio Solution File, Format Version 12.00
# Visual Studio Version 17
VisualStudioVersion = 17.9.34723.18
MinimumVisualStudioVersion = 10.0.40219.1
Project("{FAE04EC0-301F-11D3-BF4B-00C04F79EFBC}") = "Lesson2Thread", "Lesson2Thread\Lesson2Thread.csproj", "{A21F050D-B007-4CBD-B12C-BFD04013EF05}"
EndProject
Global
	GlobalSection(SolutionConfigurationPlatforms) = preSolution
		Debug|Any CPU = Debug|Any CPU
		Release|Any CPU = Release|Any CPU
	EndGlobalSection
	GlobalSection(ProjectConfigurationPlatforms) = postSolution
		{A21F050D-B007-4CBD-B12C-BFD04013EF05}.Debug|Any CPU.ActiveCfg = Debug|Any CPU
		{A21F050D-B007-4CBD-B12C-BFD04013EF05}.Debug|Any CPU.Build.0 = Debug|Any CPU
		{A21F050D-B007-4CBD-B12C-BFD04013EF05}.Release|Any CPU.ActiveCfg = Release|Any CPU
		{A21F050D-B007-4CBD-B12C-BFD04013EF05}.Release|Any CPU.Build.0 = Release|Any CPU
	EndGlobalSection
	GlobalSection(SolutionProperties) = preSolution
		HideSolutionNode = FALSE
	EndGlobalSection
	GlobalSection(ExtensibilityGlobals) = postSolution
		SolutionGuid = {8A16377D-84C8-4B9B-866B-172E1154FCCD}
	EndGlobalSection
EndGlobal
