
Microsoft Visual Studio Solution File, Format Version 12.00
# Visual Studio Version 17
VisualStudioVersion = 17.9.34723.18
MinimumVisualStudioVersion = 10.0.40219.1
Project("{FAE04EC0-301F-11D3-BF4B-00C04F79EFBC}") = "Lesson6MutexSemaphoreSemaphoreSlim", "Lesson6MutexSemaphoreSemaphoreSlim\Lesson6MutexSemaphoreSemaphoreSlim.csproj", "{6B4419E2-A3E0-4657-89A8-29F2D31A9D5F}"
EndProject
Global
	GlobalSection(SolutionConfigurationPlatforms) = preSolution
		Debug|Any CPU = Debug|Any CPU
		Release|Any CPU = Release|Any CPU
	EndGlobalSection
	GlobalSection(ProjectConfigurationPlatforms) = postSolution
		{6B4419E2-A3E0-4657-89A8-29F2D31A9D5F}.Debug|Any CPU.ActiveCfg = Debug|Any CPU
		{6B4419E2-A3E0-4657-89A8-29F2D31A9D5F}.Debug|Any CPU.Build.0 = Debug|Any CPU
		{6B4419E2-A3E0-4657-89A8-29F2D31A9D5F}.Release|Any CPU.ActiveCfg = Release|Any CPU
		{6B4419E2-A3E0-4657-89A8-29F2D31A9D5F}.Release|Any CPU.Build.0 = Release|Any CPU
	EndGlobalSection
	GlobalSection(SolutionProperties) = preSolution
		HideSolutionNode = FALSE
	EndGlobalSection
	GlobalSection(ExtensibilityGlobals) = postSolution
		SolutionGuid = {BDD8D131-304E-4D0C-924C-AB61A11B0C3C}
	EndGlobalSection
EndGlobal
